lockfileVersion: 5.4

specifiers:
  prettier: ^2.8.3
  prettier-plugin-tailwindcss: ^0.2.2

devDependencies:
  prettier: 2.8.3
  prettier-plugin-tailwindcss: 0.2.2_prettier@2.8.3

packages:

  /prettier-plugin-tailwindcss/0.2.2_prettier@2.8.3:
    resolution: {integrity: sha512-5RjUbWRe305pUpc48MosoIp6uxZvZxrM6GyOgsbGLTce+ehePKNm7ziW2dLG2air9aXbGuXlHVSQQw4Lbosq3w==}
    engines: {node: '>=12.17.0'}
    peerDependencies:
      '@prettier/plugin-php': '*'
      '@prettier/plugin-pug': '*'
      '@shopify/prettier-plugin-liquid': '*'
      '@shufo/prettier-plugin-blade': '*'
      '@trivago/prettier-plugin-sort-imports': '*'
      prettier: '>=2.2.0'
      prettier-plugin-astro: '*'
      prettier-plugin-css-order: '*'
      prettier-plugin-import-sort: '*'
      prettier-plugin-jsdoc: '*'
      prettier-plugin-organize-attributes: '*'
      prettier-plugin-organize-imports: '*'
      prettier-plugin-style-order: '*'
      prettier-plugin-svelte: '*'
      prettier-plugin-twig-melody: '*'
    peerDependenciesMeta:
      '@prettier/plugin-php':
        optional: true
      '@prettier/plugin-pug':
        optional: true
      '@shopify/prettier-plugin-liquid':
        optional: true
      '@shufo/prettier-plugin-blade':
        optional: true
      '@trivago/prettier-plugin-sort-imports':
        optional: true
      prettier-plugin-astro:
        optional: true
      prettier-plugin-css-order:
        optional: true
      prettier-plugin-import-sort:
        optional: true
      prettier-plugin-jsdoc:
        optional: true
      prettier-plugin-organize-attributes:
        optional: true
      prettier-plugin-organize-imports:
        optional: true
      prettier-plugin-style-order:
        optional: true
      prettier-plugin-svelte:
        optional: true
      prettier-plugin-twig-melody:
        optional: true
    dependencies:
      prettier: 2.8.3
    dev: true

  /prettier/2.8.3:
    resolution: {integrity: sha512-tJ/oJ4amDihPoufT5sM0Z1SKEuKay8LfVAMlbbhnnkvt6BUserZylqo2PN+p9KeljLr0OHa2rXHU1T8reeoTrw==}
    engines: {node: '>=10.13.0'}
    hasBin: true
    dev: true
